github.com/marusama/cyclicbarrier v1.1.0 h1:ol/AG+sjvh5yz832avbNjaowoerBuD3AgozxL+aD9u0=
github.com/marusama/cyclicbarrier v1.1.0/go.mod h1:5u93l83cy51YXdz6eKq6kO9+9mGAooB6DHMAxcSuWwQ=
github.com/petermattis/goid v0.0.0-20230518223814-80aa455d8761 h1:W04oB3d0J01W5jgYRGKsV8LCM6g9EkCvPkZcmFuy0OE=
github.com/petermattis/goid v0.0.0-20230518223814-80aa455d8761/go.mod h1:pxMtw7cyUw6B2bRH0ZBANSPg+AoSud1I1iyJHI69jH4=
golang.org/x/exp v0.0.0-20231110203233-9a3e6036ecaa h1:FRnLl4eNAQl8hwxVVC17teOw8kdjVDVAiFMtgUdTSRQ=
golang.org/x/exp v0.0.0-20231110203233-9a3e6036ecaa/go.mod h1:zk2irFbV9DP96SEBUUAy67IdHUaZuSnrz1n472HUCLE=
golang.org/x/sync v0.5.0 h1:60k92dhOjHxJkrqnwsfl8KuaHbn/5dl0lUPUklKo3qE=
golang.org/x/sync v0.5.0/go.mod h1:Czt+wKu1gCyEFDUtn0jG5QVvpJ6rzVqr5aXyt9drQfk=
